
Microsoft Visual Studio Solution File, Format Version 12.00
# Visual Studio Version 17
VisualStudioVersion = 17.0.32014.148
MinimumVisualStudioVersion = 10.0.40219.1
Project("{FAE04EC0-301F-11D3-BF4B-00C04F79EFBC}") = "Northwind.Entities", "Northwind.Entities\Northwind.Entities.csproj", "{EB33228B-44B8-4E1C-93D3-093FA76526A0}"
EndProject
Project("{FAE04EC0-301F-11D3-BF4B-00C04F79EFBC}") = "Northwind.DataAcces", "Northwind.DataAcces\Northwind.DataAcces.csproj", "{726D3839-3028-40D6-8DD6-FD6CE4A41110}"
EndProject
Project("{FAE04EC0-301F-11D3-BF4B-00C04F79EFBC}") = "Northwind.Bussines", "Northwind.Bussines\Northwind.Bussines.csproj", "{F91A5ACA-E834-4AA7-9CEC-8915C5AC3583}"
EndProject
Project("{FAE04EC0-301F-11D3-BF4B-00C04F79EFBC}") = "Northwind.webFormsUI", "Northwind.webFormsUI\Northwind.webFormsUI.csproj", "{B33F3A5D-335F-4A27-A33D-BC46F57B28B0}"
EndProject
Global
	GlobalSection(SolutionConfigurationPlatforms) = preSolution
		Debug|Any CPU = Debug|Any CPU
		Release|Any CPU = Release|Any CPU
	EndGlobalSection
	GlobalSection(ProjectConfigurationPlatforms) = postSolution
		{EB33228B-44B8-4E1C-93D3-093FA76526A0}.Debug|Any CPU.ActiveCfg = Debug|Any CPU
		{EB33228B-44B8-4E1C-93D3-093FA76526A0}.Debug|Any CPU.Build.0 = Debug|Any CPU
		{EB33228B-44B8-4E1C-93D3-093FA76526A0}.Release|Any CPU.ActiveCfg = Release|Any CPU
		{EB33228B-44B8-4E1C-93D3-093FA76526A0}.Release|Any CPU.Build.0 = Release|Any CPU
		{726D3839-3028-40D6-8DD6-FD6CE4A41110}.Debug|Any CPU.ActiveCfg = Debug|Any CPU
		{726D3839-3028-40D6-8DD6-FD6CE4A41110}.Debug|Any CPU.Build.0 = Debug|Any CPU
		{726D3839-3028-40D6-8DD6-FD6CE4A41110}.Release|Any CPU.ActiveCfg = Release|Any CPU
		{726D3839-3028-40D6-8DD6-FD6CE4A41110}.Release|Any CPU.Build.0 = Release|Any CPU
		{F91A5ACA-E834-4AA7-9CEC-8915C5AC3583}.Debug|Any CPU.ActiveCfg = Debug|Any CPU
		{F91A5ACA-E834-4AA7-9CEC-8915C5AC3583}.Debug|Any CPU.Build.0 = Debug|Any CPU
		{F91A5ACA-E834-4AA7-9CEC-8915C5AC3583}.Release|Any CPU.ActiveCfg = Release|Any CPU
		{F91A5ACA-E834-4AA7-9CEC-8915C5AC3583}.Release|Any CPU.Build.0 = Release|Any CPU
		{B33F3A5D-335F-4A27-A33D-BC46F57B28B0}.Debug|Any CPU.ActiveCfg = Debug|Any CPU
		{B33F3A5D-335F-4A27-A33D-BC46F57B28B0}.Debug|Any CPU.Build.0 = Debug|Any CPU
		{B33F3A5D-335F-4A27-A33D-BC46F57B28B0}.Release|Any CPU.ActiveCfg = Release|Any CPU
		{B33F3A5D-335F-4A27-A33D-BC46F57B28B0}.Release|Any CPU.Build.0 = Release|Any CPU
	EndGlobalSection
	GlobalSection(SolutionProperties) = preSolution
		HideSolutionNode = FALSE
	EndGlobalSection
	GlobalSection(ExtensibilityGlobals) = postSolution
		SolutionGuid = {81A4E73E-306D-4A92-8AD0-9541CD2668AC}
	EndGlobalSection
EndGlobal
